// !$*UTF8*$!
{
	archiveVersion = 1;
	classes = {
	};
	objectVersion = 48;
	objects = {

/* Begin PBXBuildFile section */
		0B689A843388F0BF0BC37A04 /* Pods_Pokedex.framework in Frameworks */ = {isa = PBXBuildFile; fileRef = 1C42B8BCA250936E7ED32B5C /* Pods_Pokedex.framework */; };
		C3179A921FDB41CD002F4C30 /* PokeCell.swift in Sources */ = {isa = PBXBuildFile; fileRef = C3179A911FDB41CD002F4C30 /* PokeCell.swift */; };
		C3179A941FDB513C002F4C30 /* Csv.swift in Sources */ = {isa = PBXBuildFile; fileRef = C3179A931FDB513C002F4C30 /* Csv.swift */; };
		C38AD2CD1FD984EC007F30AB /* AppDelegate.swift in Sources */ = {isa = PBXBuildFile; fileRef = C38AD2CC1FD984EC007F30AB /* AppDelegate.swift */; };
		C38AD2CF1FD984EC007F30AB /* ViewController.swift in Sources */ = {isa = PBXBuildFile; fileRef = C38AD2CE1FD984EC007F30AB /* ViewController.swift */; };
		C38AD2D21FD984EC007F30AB /* Main.storyboard in Resources */ = {isa = PBXBuildFile; fileRef = C38AD2D01FD984EC007F30AB /* Main.storyboard */; };
		C38AD2D41FD984EC007F30AB /* Assets.xcassets in Resources */ = {isa = PBXBuildFile; fileRef = C38AD2D31FD984EC007F30AB /* Assets.xcassets */; };
		C38AD2D71FD984EC007F30AB /* LaunchScreen.storyboard in Resources */ = {isa = PBXBuildFile; fileRef = C38AD2D51FD984EC007F30AB /* LaunchScreen.storyboard */; };
		C38AD2DF1FD987B2007F30AB /* pokemon.csv in Resources */ = {isa = PBXBuildFile; fileRef = C38AD2DE1FD987B2007F30AB /* pokemon.csv */; };
		C38AD2E21FD988D4007F30AB /* Pokemon.swift in Sources */ = {isa = PBXBuildFile; fileRef = C38AD2E11FD988D4007F30AB /* Pokemon.swift */; };
		C38AD2E51FD98C51007F30AB /* pokemon.ttf in Resources */ = {isa = PBXBuildFile; fileRef = C38AD2E31FD98C51007F30AB /* pokemon.ttf */; };
		C38AD2E61FD98C51007F30AB /* music.mp3 in Resources */ = {isa = PBXBuildFile; fileRef = C38AD2E41FD98C51007F30AB /* music.mp3 */; };
		C3B6AD1E1FE1BBF0005702F3 /* PokemonDetailVC.swift in Sources */ = {isa = PBXBuildFile; fileRef = C3B6AD1D1FE1BBF0005702F3 /* PokemonDetailVC.swift */; };
/* End PBXBuildFile section */

/* Begin PBXFileReference section */
		1C42B8BCA250936E7ED32B5C /* Pods_Pokedex.framework */ = {isa = PBXFileReference; explicitFileType = wrapper.framework; includeInIndex = 0; path = Pods_Pokedex.framework; sourceTree = BUILT_PRODUCTS_DIR; };
		90FBFF56FBC7999DEEAA3EE6 /* Pods-Pokedex.debug.xcconfig */ = {isa = PBXFileReference; includeInIndex = 1; lastKnownFileType = text.xcconfig; name = "Pods-Pokedex.debug.xcconfig"; path = "Pods/Target Support Files/Pods-Pokedex/Pods-Pokedex.debug.xcconfig"; sourceTree = "<group>"; };
		C3179A911FDB41CD002F4C30 /* PokeCell.swift */ = {isa = PBXFileReference; lastKnownFileType = sourcecode.swift; path = PokeCell.swift; sourceTree = "<group>"; };
		C3179A931FDB513C002F4C30 /* Csv.swift */ = {isa = PBXFileReference; lastKnownFileType = sourcecode.swift; path = Csv.swift; sourceTree = "<group>"; };
		C38AD2C91FD984EC007F30AB /* Pokedex.app */ = {isa = PBXFileReference; explicitFileType = wrapper.application; includeInIndex = 0; path = Pokedex.app; sourceTree = BUILT_PRODUCTS_DIR; };
		C38AD2CC1FD984EC007F30AB /* AppDelegate.swift */ = {isa = PBXFileReference; lastKnownFileType = sourcecode.swift; path = AppDelegate.swift; sourceTree = "<group>"; };
		C38AD2CE1FD984EC007F30AB /* ViewController.swift */ = {isa = PBXFileReference; lastKnownFileType = sourcecode.swift; path = ViewController.swift; sourceTree = "<group>"; };
		C38AD2D11FD984EC007F30AB /* Base */ = {isa = PBXFileReference; lastKnownFileType = file.storyboard; name = Base; path = Base.lproj/Main.storyboard; sourceTree = "<group>"; };
		C38AD2D31FD984EC007F30AB /* Assets.xcassets */ = {isa = PBXFileReference; lastKnownFileType = folder.assetcatalog; path = Assets.xcassets; sourceTree = "<group>"; };
		C38AD2D61FD984EC007F30AB /* Base */ = {isa = PBXFileReference; lastKnownFileType = file.storyboard; name = Base; path = Base.lproj/LaunchScreen.storyboard; sourceTree = "<group>"; };
		C38AD2D81FD984EC007F30AB /* Info.plist */ = {isa = PBXFileReference; lastKnownFileType = text.plist.xml; path = Info.plist; sourceTree = "<group>"; };
		C38AD2DE1FD987B2007F30AB /* pokemon.csv */ = {isa = PBXFileReference; fileEncoding = 4; lastKnownFileType = text; path = pokemon.csv; sourceTree = "<group>"; };
		C38AD2E11FD988D4007F30AB /* Pokemon.swift */ = {isa = PBXFileReference; lastKnownFileType = sourcecode.swift; path = Pokemon.swift; sourceTree = "<group>"; };
		C38AD2E31FD98C51007F30AB /* pokemon.ttf */ = {isa = PBXFileReference; lastKnownFileType = file; path = pokemon.ttf; sourceTree = "<group>"; };
		C38AD2E41FD98C51007F30AB /* music.mp3 */ = {isa = PBXFileReference; lastKnownFileType = audio.mp3; path = music.mp3; sourceTree = "<group>"; };
		C3B6AD1D1FE1BBF0005702F3 /* PokemonDetailVC.swift */ = {isa = PBXFileReference; lastKnownFileType = sourcecode.swift; path = PokemonDetailVC.swift; sourceTree = "<group>"; };
		FCC5907E9FD42EA35013629C /* Pods-Pokedex.release.xcconfig */ = {isa = PBXFileReference; includeInIndex = 1; lastKnownFileType = text.xcconfig; name = "Pods-Pokedex.release.xcconfig"; path = "Pods/Target Support Files/Pods-Pokedex/Pods-Pokedex.release.xcconfig"; sourceTree = "<group>"; };
/* End PBXFileReference section */

/* Begin PBXFrameworksBuildPhase section */
		C38AD2C61FD984EC007F30AB /* Frameworks */ = {
			isa = PBXFrameworksBuildPhase;
			buildActionMask = 2147483647;
			files = (
				0B689A843388F0BF0BC37A04 /* Pods_Pokedex.framework in Frameworks */,
			);
			runOnlyForDeploymentPostprocessing = 0;
		};
/* End PBXFrameworksBuildPhase section */

/* Begin PBXGroup section */
		6C079072B9010AC5334394BD /* Frameworks */ = {
			isa = PBXGroup;
			children = (
				1C42B8BCA250936E7ED32B5C /* Pods_Pokedex.framework */,
			);
			name = Frameworks;
			sourceTree = "<group>";
		};
		C3179A901FDB41AA002F4C30 /* View */ = {
			isa = PBXGroup;
			children = (
				C3179A911FDB41CD002F4C30 /* PokeCell.swift */,
			);
			path = View;
			sourceTree = "<group>";
		};
		C3179A951FDB5C99002F4C30 /* Util */ = {
			isa = PBXGroup;
			children = (
				C3179A931FDB513C002F4C30 /* Csv.swift */,
			);
			path = Util;
			sourceTree = "<group>";
		};
		C3179A961FDB5CA6002F4C30 /* Resources */ = {
			isa = PBXGroup;
			children = (
				C38AD2E31FD98C51007F30AB /* pokemon.ttf */,
				C38AD2E41FD98C51007F30AB /* music.mp3 */,
				C38AD2DE1FD987B2007F30AB /* pokemon.csv */,
			);
			path = Resources;
			sourceTree = "<group>";
		};
		C3179A971FDB5CAD002F4C30 /* Controller */ = {
			isa = PBXGroup;
			children = (
				C38AD2CE1FD984EC007F30AB /* ViewController.swift */,
				C3B6AD1D1FE1BBF0005702F3 /* PokemonDetailVC.swift */,
			);
			path = Controller;
			sourceTree = "<group>";
		};
		C38AD2C01FD984EC007F30AB = {
			isa = PBXGroup;
			children = (
				C38AD2CB1FD984EC007F30AB /* Pokedex */,
				C38AD2CA1FD984EC007F30AB /* Products */,
				FDDCF38F9922BC6304F60CA7 /* Pods */,
				6C079072B9010AC5334394BD /* Frameworks */,
			);
			sourceTree = "<group>";
		};
		C38AD2CA1FD984EC007F30AB /* Products */ = {
			isa = PBXGroup;
			children = (
				C38AD2C91FD984EC007F30AB /* Pokedex.app */,
			);
			name = Products;
			sourceTree = "<group>";
		};
		C38AD2CB1FD984EC007F30AB /* Pokedex */ = {
			isa = PBXGroup;
			children = (
				C3179A971FDB5CAD002F4C30 /* Controller */,
				C3179A961FDB5CA6002F4C30 /* Resources */,
				C3179A951FDB5C99002F4C30 /* Util */,
				C3179A901FDB41AA002F4C30 /* View */,
				C38AD2E01FD988C0007F30AB /* Model */,
				C38AD2CC1FD984EC007F30AB /* AppDelegate.swift */,
				C38AD2D01FD984EC007F30AB /* Main.storyboard */,
				C38AD2D31FD984EC007F30AB /* Assets.xcassets */,
				C38AD2D51FD984EC007F30AB /* LaunchScreen.storyboard */,
				C38AD2D81FD984EC007F30AB /* Info.plist */,
			);
			path = Pokedex;
			sourceTree = "<group>";
		};
		C38AD2E01FD988C0007F30AB /* Model */ = {
			isa = PBXGroup;
			children = (
				C38AD2E11FD988D4007F30AB /* Pokemon.swift */,
			);
			path = Model;
			sourceTree = "<group>";
		};
		FDDCF38F9922BC6304F60CA7 /* Pods */ = {
			isa = PBXGroup;
			children = (
				90FBFF56FBC7999DEEAA3EE6 /* Pods-Pokedex.debug.xcconfig */,
				FCC5907E9FD42EA35013629C /* Pods-Pokedex.release.xcconfig */,
			);
			name = Pods;
			sourceTree = "<group>";
		};
/* End PBXGroup section */

/* Begin PBXNativeTarget section */
		C38AD2C81FD984EC007F30AB /* Pokedex */ = {
			isa = PBXNativeTarget;
			buildConfigurationList = C38AD2DB1FD984EC007F30AB /* Build configuration list for PBXNativeTarget "Pokedex" */;
			buildPhases = (
				F696F3688E5115603A007264 /* [CP] Check Pods Manifest.lock */,
				C38AD2C51FD984EC007F30AB /* Sources */,
				C38AD2C61FD984EC007F30AB /* Frameworks */,
				C38AD2C71FD984EC007F30AB /* Resources */,
				32BDAD48885AB5F0A5CD160B /* [CP] Embed Pods Frameworks */,
				6972E11538995582EDC6EDDF /* [CP] Copy Pods Resources */,
			);
			buildRules = (
			);
			dependencies = (
			);
			name = Pokedex;
			productName = Pokedex;
			productReference = C38AD2C91FD984EC007F30AB /* Pokedex.app */;
			productType = "com.apple.product-type.application";
		};
/* End PBXNativeTarget section */

/* Begin PBXProject section */
		C38AD2C11FD984EC007F30AB /* Project object */ = {
			isa = PBXProject;
			attributes = {
				LastSwiftUpdateCheck = 0920;
				LastUpgradeCheck = 0920;
				ORGANIZATIONNAME = "Mateus Marques";
				TargetAttributes = {
					C38AD2C81FD984EC007F30AB = {
						CreatedOnToolsVersion = 9.2;
						ProvisioningStyle = Automatic;
					};
				};
			};
			buildConfigurationList = C38AD2C41FD984EC007F30AB /* Build configuration list for PBXProject "Pokedex" */;
			compatibilityVersion = "Xcode 8.0";
			developmentRegion = en;
			hasScannedForEncodings = 0;
			knownRegions = (
				en,
				Base,
			);
			mainGroup = C38AD2C01FD984EC007F30AB;
			productRefGroup = C38AD2CA1FD984EC007F30AB /* Products */;
			projectDirPath = "";
			projectRoot = "";
			targets = (
				C38AD2C81FD984EC007F30AB /* Pokedex */,
			);
		};
/* End PBXProject section */

/* Begin PBXResourcesBuildPhase section */
		C38AD2C71FD984EC007F30AB /* Resources */ = {
			isa = PBXResourcesBuildPhase;
			buildActionMask = 2147483647;
			files = (
				C38AD2E51FD98C51007F30AB /* pokemon.ttf in Resources */,
				C38AD2D71FD984EC007F30AB /* LaunchScreen.storyboard in Resources */,
				C38AD2E61FD98C51007F30AB /* music.mp3 in Resources */,
				C38AD2D41FD984EC007F30AB /* Assets.xcassets in Resources */,
				C38AD2DF1FD987B2007F30AB /* pokemon.csv in Resources */,
				C38AD2D21FD984EC007F30AB /* Main.storyboard in Resources */,
			);
			runOnlyForDeploymentPostprocessing = 0;
		};
/* End PBXResourcesBuildPhase section */

/* Begin PBXShellScriptBuildPhase section */
		32BDAD48885AB5F0A5CD160B /* [CP] Embed Pods Frameworks */ = {
			isa = PBXShellScriptBuildPhase;
			buildActionMask = 2147483647;
			files = (
			);
			inputPaths = (
				"${SRCROOT}/Pods/Target Support Files/Pods-Pokedex/Pods-Pokedex-frameworks.sh",
				"${BUILT_PRODUCTS_DIR}/Alamofire/Alamofire.framework",
			);
			name = "[CP] Embed Pods Frameworks";
			outputPaths = (
				"${TARGET_BUILD_DIR}/${FRAMEWORKS_FOLDER_PATH}/Alamofire.framework",
			);
			runOnlyForDeploymentPostprocessing = 0;
			shellPath = /bin/sh;
			shellScript = "\"${SRCROOT}/Pods/Target Support Files/Pods-Pokedex/Pods-Pokedex-frameworks.sh\"\n";
			showEnvVarsInLog = 0;
		};
		6972E11538995582EDC6EDDF /* [CP] Copy Pods Resources */ = {
			isa = PBXShellScriptBuildPhase;
			buildActionMask = 2147483647;
			files = (
			);
			inputPaths = (
			);
			name = "[CP] Copy Pods Resources";
			outputPaths = (
			);
			runOnlyForDeploymentPostprocessing = 0;
			shellPath = /bin/sh;
			shellScript = "\"${SRCROOT}/Pods/Target Support Files/Pods-Pokedex/Pods-Pokedex-resources.sh\"\n";
			showEnvVarsInLog = 0;
		};
		F696F3688E5115603A007264 /* [CP] Check Pods Manifest.lock */ = {
			isa = PBXShellScriptBuildPhase;
			buildActionMask = 2147483647;
			files = (
			);
			inputPaths = (
				"${PODS_PODFILE_DIR_PATH}/Podfile.lock",
				"${PODS_ROOT}/Manifest.lock",
			);
			name = "[CP] Check Pods Manifest.lock";
			outputPaths = (
				"$(DERIVED_FILE_DIR)/Pods-Pokedex-checkManifestLockResult.txt",
			);
			runOnlyForDeploymentPostprocessing = 0;
			shellPath = /bin/sh;
			shellScript = "diff \"${PODS_PODFILE_DIR_PATH}/Podfile.lock\" \"${PODS_ROOT}/Manifest.lock\" > /dev/null\nif [ $? != 0 ] ; then\n    # print error to STDERR\n    echo \"error: The sandbox is not in sync with the Podfile.lock. Run 'pod install' or update your CocoaPods installation.\" >&2\n    exit 1\nfi\n# This output is used by Xcode 'outputs' to avoid re-running this script phase.\necho \"SUCCESS\" > \"${SCRIPT_OUTPUT_FILE_0}\"\n";
			showEnvVarsInLog = 0;
		};
/* End PBXShellScriptBuildPhase section */

/* Begin PBXSourcesBuildPhase section */
		C38AD2C51FD984EC007F30AB /* Sources */ = {
			isa = PBXSourcesBuildPhase;
			buildActionMask = 2147483647;
			files = (
				C3179A921FDB41CD002F4C30 /* PokeCell.swift in Sources */,
				C3179A941FDB513C002F4C30 /* Csv.swift in Sources */,
				C38AD2CF1FD984EC007F30AB /* ViewController.swift in Sources */,
				C3B6AD1E1FE1BBF0005702F3 /* PokemonDetailVC.swift in Sources */,
				C38AD2CD1FD984EC007F30AB /* AppDelegate.swift in Sources */,
				C38AD2E21FD988D4007F30AB /* Pokemon.swift in Sources */,
			);
			runOnlyForDeploymentPostprocessing = 0;
		};
/* End PBXSourcesBuildPhase section */

/* Begin PBXVariantGroup section */
		C38AD2D01FD984EC007F30AB /* Main.storyboard */ = {
			isa = PBXVariantGroup;
			children = (
				C38AD2D11FD984EC007F30AB /* Base */,
			);
			name = Main.storyboard;
			sourceTree = "<group>";
		};
		C38AD2D51FD984EC007F30AB /* LaunchScreen.storyboard */ = {
			isa = PBXVariantGroup;
			children = (
				C38AD2D61FD984EC007F30AB /* Base */,
			);
			name = LaunchScreen.storyboard;
			sourceTree = "<group>";
		};
/* End PBXVariantGroup section */

/* Begin XCBuildConfiguration section */
		C38AD2D91FD984EC007F30AB /* Debug */ = {
			isa = XCBuildConfiguration;
			buildSettings = {
				ALWAYS_SEARCH_USER_PATHS = NO;
				CLANG_ANALYZER_NONNULL = YES;
				CLANG_ANALYZER_NUMBER_OBJECT_CONVERSION = YES_AGGRESSIVE;
				CLANG_CXX_LANGUAGE_STANDARD = "gnu++14";
				CLANG_CXX_LIBRARY = "libc++";
				CLANG_ENABLE_MODULES = YES;
				CLANG_ENABLE_OBJC_ARC = YES;
				CLANG_WARN_BLOCK_CAPTURE_AUTORELEASING = YES;
				CLANG_WARN_BOOL_CONVERSION = YES;
				CLANG_WARN_COMMA = YES;
				CLANG_WARN_CONSTANT_CONVERSION = YES;
				CLANG_WARN_DIRECT_OBJC_ISA_USAGE = YES_ERROR;
				CLANG_WARN_DOCUMENTATION_COMMENTS = YES;
				CLANG_WARN_EMPTY_BODY = YES;
				CLANG_WARN_ENUM_CONVERSION = YES;
				CLANG_WARN_INFINITE_RECURSION = YES;
				CLANG_WARN_INT_CONVERSION = YES;
				CLANG_WARN_NON_LITERAL_NULL_CONVERSION = YES;
				CLANG_WARN_OBJC_LITERAL_CONVERSION = YES;
				CLANG_WARN_OBJC_ROOT_CLASS = YES_ERROR;
				CLANG_WARN_RANGE_LOOP_ANALYSIS = YES;
				CLANG_WARN_STRICT_PROTOTYPES = YES;
				CLANG_WARN_SUSPICIOUS_MOVE = YES;
				CLANG_WARN_UNGUARDED_AVAILABILITY = YES_AGGRESSIVE;
				CLANG_WARN_UNREACHABLE_CODE = YES;
				CLANG_WARN__DUPLICATE_METHOD_MATCH = YES;
				CODE_SIGN_IDENTITY = "iPhone Developer";
				COPY_PHASE_STRIP = NO;
				DEBUG_INFORMATION_FORMAT = dwarf;
				ENABLE_STRICT_OBJC_MSGSEND = YES;
				ENABLE_TESTABILITY = YES;
				GCC_C_LANGUAGE_STANDARD = gnu11;
				GCC_DYNAMIC_NO_PIC = NO;
				GCC_NO_COMMON_BLOCKS = YES;
				GCC_OPTIMIZATION_LEVEL = 0;
				GCC_PREPROCESSOR_DEFINITIONS = (
					"DEBUG=1",
					"$(inherited)",
				);
				GCC_WARN_64_TO_32_BIT_CONVERSION = YES;
				GCC_WARN_ABOUT_RETURN_TYPE = YES_ERROR;
				GCC_WARN_UNDECLARED_SELECTOR = YES;
				GCC_WARN_UNINITIALIZED_AUTOS = YES_AGGRESSIVE;
				GCC_WARN_UNUSED_FUNCTION = YES;
				GCC_WARN_UNUSED_VARIABLE = YES;
				IPHONEOS_DEPLOYMENT_TARGET = 11.2;
				MTL_ENABLE_DEBUG_INFO = YES;
				ONLY_ACTIVE_ARCH = YES;
				SDKROOT = iphoneos;
				SWIFT_ACTIVE_COMPILATION_CONDITIONS = DEBUG;
				SWIFT_OPTIMIZATION_LEVEL = "-Onone";
			};
			name = Debug;
		};
		C38AD2DA1FD984EC007F30AB /* Release */ = {
			isa = XCBuildConfiguration;
			buildSettings = {
				ALWAYS_SEARCH_USER_PATHS = NO;
				CLANG_ANALYZER_NONNULL = YES;
				CLANG_ANALYZER_NUMBER_OBJECT_CONVERSION = YES_AGGRESSIVE;
				CLANG_CXX_LANGUAGE_STANDARD = "gnu++14";
				CLANG_CXX_LIBRARY = "libc++";
				CLANG_ENABLE_MODULES = YES;
				CLANG_ENABLE_OBJC_ARC = YES;
				CLANG_WARN_BLOCK_CAPTURE_AUTORELEASING = YES;
				CLANG_WARN_BOOL_CONVERSION = YES;
				CLANG_WARN_COMMA = YES;
				CLANG_WARN_CONSTANT_CONVERSION = YES;
				CLANG_WARN_DIRECT_OBJC_ISA_USAGE = YES_ERROR;
				CLANG_WARN_DOCUMENTATION_COMMENTS = YES;
				CLANG_WARN_EMPTY_BODY = YES;
				CLANG_WARN_ENUM_CONVERSION = YES;
				CLANG_WARN_INFINITE_RECURSION = YES;
				CLANG_WARN_INT_CONVERSION = YES;
				CLANG_WARN_NON_LITERAL_NULL_CONVERSION = YES;
				CLANG_WARN_OBJC_LITERAL_CONVERSION = YES;
				CLANG_WARN_OBJC_ROOT_CLASS = YES_ERROR;
				CLANG_WARN_RANGE_LOOP_ANALYSIS = YES;
				CLANG_WARN_STRICT_PROTOTYPES = YES;
				CLANG_WARN_SUSPICIOUS_MOVE = YES;
				CLANG_WARN_UNGUARDED_AVAILABILITY = YES_AGGRESSIVE;
				CLANG_WARN_UNREACHABLE_CODE = YES;
				CLANG_WARN__DUPLICATE_METHOD_MATCH = YES;
				CODE_SIGN_IDENTITY = "iPhone Developer";
				COPY_PHASE_STRIP = NO;
				DEBUG_INFORMATION_FORMAT = "dwarf-with-dsym";
				ENABLE_NS_ASSERTIONS = NO;
				ENABLE_STRICT_OBJC_MSGSEND = YES;
				GCC_C_LANGUAGE_STANDARD = gnu11;
				GCC_NO_COMMON_BLOCKS = YES;
				GCC_WARN_64_TO_32_BIT_CONVERSION = YES;
				GCC_WARN_ABOUT_RETURN_TYPE = YES_ERROR;
				GCC_WARN_UNDECLARED_SELECTOR = YES;
				GCC_WARN_UNINITIALIZED_AUTOS = YES_AGGRESSIVE;
				GCC_WARN_UNUSED_FUNCTION = YES;
				GCC_WARN_UNUSED_VARIABLE = YES;
				IPHONEOS_DEPLOYMENT_TARGET = 11.2;
				MTL_ENABLE_DEBUG_INFO = NO;
				SDKROOT = iphoneos;
				SWIFT_OPTIMIZATION_LEVEL = "-Owholemodule";
				VALIDATE_PRODUCT = YES;
			};
			name = Release;
		};
		C38AD2DC1FD984EC007F30AB /* Debug */ = {
			isa = XCBuildConfiguration;
			baseConfigurationReference = 90FBFF56FBC7999DEEAA3EE6 /* Pods-Pokedex.debug.xcconfig */;
			buildSettings = {
				ASSETCATALOG_COMPILER_APPICON_NAME = AppIcon;
				CODE_SIGN_STYLE = Automatic;
				INFOPLIST_FILE = Pokedex/Info.plist;
				LD_RUNPATH_SEARCH_PATHS = "$(inherited) @executable_path/Frameworks";
				PRODUCT_BUNDLE_IDENTIFIER = br.com.mongeralaegon.precoDoBitcoin.Pokedex;
				PRODUCT_NAME = "$(TARGET_NAME)";
				SWIFT_VERSION = 4.0;
				TARGETED_DEVICE_FAMILY = "1,2";
			};
			name = Debug;
		};
		C38AD2DD1FD984EC007F30AB /* Release */ = {
			isa = XCBuildConfiguration;
			baseConfigurationReference = FCC5907E9FD42EA35013629C /* Pods-Pokedex.release.xcconfig */;
			buildSettings = {
				ASSETCATALOG_COMPILER_APPICON_NAME = AppIcon;
				CODE_SIGN_STYLE = Automatic;
				INFOPLIST_FILE = Pokedex/Info.plist;
				LD_RUNPATH_SEARCH_PATHS = "$(inherited) @executable_path/Frameworks";
				PRODUCT_BUNDLE_IDENTIFIER = br.com.mongeralaegon.precoDoBitcoin.Pokedex;
				PRODUCT_NAME = "$(TARGET_NAME)";
				SWIFT_VERSION = 4.0;
				TARGETED_DEVICE_FAMILY = "1,2";
			};
			name = Release;
		};
/* End XCBuildConfiguration section */

/* Begin XCConfigurationList section */
		C38AD2C41FD984EC007F30AB /* Build configuration list for PBXProject "Pokedex" */ = {
			isa = XCConfigurationList;
			buildConfigurations = (
				C38AD2D91FD984EC007F30AB /* Debug */,
				C38AD2DA1FD984EC007F30AB /* Release */,
			);
			defaultConfigurationIsVisible = 0;
			defaultConfigurationName = Release;
		};
		C38AD2DB1FD984EC007F30AB /* Build configuration list for PBXNativeTarget "Pokedex" */ = {
			isa = XCConfigurationList;
			buildConfigurations = (
				C38AD2DC1FD984EC007F30AB /* Debug */,
				C38AD2DD1FD984EC007F30AB /* Release */,
			);
			defaultConfigurationIsVisible = 0;
			defaultConfigurationName = Release;
		};
/* End XCConfigurationList section */
	};
	rootObject = C38AD2C11FD984EC007F30AB /* Project object */;
}
